// !$*UTF8*$!
{
	archiveVersion = 1;
	classes = {
	};
	objectVersion = 56;
	objects = {

/* Begin PBXBuildFile section */
		5A4DCF0E2C5C268F0023F4A4 /* TicTacToe.swift in Sources */ = {isa = PBXBuildFile; fileRef = 5A4DCF0D2C5C268F0023F4A4 /* TicTacToe.swift */; };
		5A885FA32C5C1AD500E618AE /* tic_tac_toeApp.swift in Sources */ = {isa = PBXBuildFile; fileRef = 5A885FA22C5C1AD500E618AE /* tic_tac_toeApp.swift */; };
		5A885FA52C5C1AD500E618AE /* ContentView.swift in Sources */ = {isa = PBXBuildFile; fileRef = 5A885FA42C5C1AD500E618AE /* ContentView.swift */; };
		5A885FA72C5C1AD600E618AE /* Assets.xcassets in Resources */ = {isa = PBXBuildFile; fileRef = 5A885FA62C5C1AD600E618AE /* Assets.xcassets */; };
		5A885FAA2C5C1AD600E618AE /* Preview Assets.xcassets in Resources */ = {isa = PBXBuildFile; fileRef = 5A885FA92C5C1AD600E618AE /* Preview Assets.xcassets */; };
		5A885FB42C5C1AD600E618AE /* tic_tac_toeTests.swift in Sources */ = {isa = PBXBuildFile; fileRef = 5A885FB32C5C1AD600E618AE /* tic_tac_toeTests.swift */; };
		5A885FBE2C5C1AD600E618AE /* tic_tac_toeUITests.swift in Sources */ = {isa = PBXBuildFile; fileRef = 5A885FBD2C5C1AD600E618AE /* tic_tac_toeUITests.swift */; };
		5A885FC02C5C1AD600E618AE /* tic_tac_toeUITestsLaunchTests.swift in Sources */ = {isa = PBXBuildFile; fileRef = 5A885FBF2C5C1AD600E618AE /* tic_tac_toeUITestsLaunchTests.swift */; };
		5ABE23152C5DDBD3007FE3B6 /* scoreboardTests.swift in Sources */ = {isa = PBXBuildFile; fileRef = 5ABE23142C5DDBC8007FE3B6 /* scoreboardTests.swift */; };
		5ABE23172C5DDBF6007FE3B6 /* Scoreboard.swift in Sources */ = {isa = PBXBuildFile; fileRef = 5ABE23162C5DDBEB007FE3B6 /* Scoreboard.swift */; };
		5ABE231A2C5E88D9007FE3B6 /* ScoreboardView.swift in Sources */ = {isa = PBXBuildFile; fileRef = 5ABE23192C5E88D9007FE3B6 /* ScoreboardView.swift */; };
		5ABE231C2C5E8DE2007FE3B6 /* BoardView.swift in Sources */ = {isa = PBXBuildFile; fileRef = 5ABE231B2C5E8DE2007FE3B6 /* BoardView.swift */; };
		5ABE231E2C5FF4D8007FE3B6 /* TurnView.swift in Sources */ = {isa = PBXBuildFile; fileRef = 5ABE231D2C5FF4D8007FE3B6 /* TurnView.swift */; };
/* End PBXBuildFile section */

/* Begin PBXContainerItemProxy section */
		5A885FB02C5C1AD600E618AE /* PBXContainerItemProxy */ = {
			isa = PBXContainerItemProxy;
			containerPortal = 5A885F972C5C1AD500E618AE /* Project object */;
			proxyType = 1;
			remoteGlobalIDString = 5A885F9E2C5C1AD500E618AE;
			remoteInfo = "tic-tac-toe";
		};
		5A885FBA2C5C1AD600E618AE /* PBXContainerItemProxy */ = {
			isa = PBXContainerItemProxy;
			containerPortal = 5A885F972C5C1AD500E618AE /* Project object */;
			proxyType = 1;
			remoteGlobalIDString = 5A885F9E2C5C1AD500E618AE;
			remoteInfo = "tic-tac-toe";
		};
/* End PBXContainerItemProxy section */

/* Begin PBXFileReference section */
		5A4DCF0D2C5C268F0023F4A4 /* TicTacToe.swift */ = {isa = PBXFileReference; lastKnownFileType = sourcecode.swift; path = TicTacToe.swift; sourceTree = "<group>"; };
		5A885F9F2C5C1AD500E618AE /* tic-tac-toe.app */ = {isa = PBXFileReference; explicitFileType = wrapper.application; includeInIndex = 0; path = "tic-tac-toe.app"; sourceTree = BUILT_PRODUCTS_DIR; };
		5A885FA22C5C1AD500E618AE /* tic_tac_toeApp.swift */ = {isa = PBXFileReference; lastKnownFileType = sourcecode.swift; path = tic_tac_toeApp.swift; sourceTree = "<group>"; };
		5A885FA42C5C1AD500E618AE /* ContentView.swift */ = {isa = PBXFileReference; lastKnownFileType = sourcecode.swift; path = ContentView.swift; sourceTree = "<group>"; };
		5A885FA62C5C1AD600E618AE /* Assets.xcassets */ = {isa = PBXFileReference; lastKnownFileType = folder.assetcatalog; path = Assets.xcassets; sourceTree = "<group>"; };
		5A885FA92C5C1AD600E618AE /* Preview Assets.xcassets */ = {isa = PBXFileReference; lastKnownFileType = folder.assetcatalog; path = "Preview Assets.xcassets"; sourceTree = "<group>"; };
		5A885FAF2C5C1AD600E618AE /* tic-tac-toeTests.xctest */ = {isa = PBXFileReference; explicitFileType = wrapper.cfbundle; includeInIndex = 0; path = "tic-tac-toeTests.xctest"; sourceTree = BUILT_PRODUCTS_DIR; };
		5A885FB32C5C1AD600E618AE /* tic_tac_toeTests.swift */ = {isa = PBXFileReference; lastKnownFileType = sourcecode.swift; path = tic_tac_toeTests.swift; sourceTree = "<group>"; };
		5A885FB92C5C1AD600E618AE /* tic-tac-toeUITests.xctest */ = {isa = PBXFileReference; explicitFileType = wrapper.cfbundle; includeInIndex = 0; path = "tic-tac-toeUITests.xctest"; sourceTree = BUILT_PRODUCTS_DIR; };
		5A885FBD2C5C1AD600E618AE /* tic_tac_toeUITests.swift */ = {isa = PBXFileReference; lastKnownFileType = sourcecode.swift; path = tic_tac_toeUITests.swift; sourceTree = "<group>"; };
		5A885FBF2C5C1AD600E618AE /* tic_tac_toeUITestsLaunchTests.swift */ = {isa = PBXFileReference; lastKnownFileType = sourcecode.swift; path = tic_tac_toeUITestsLaunchTests.swift; sourceTree = "<group>"; };
		5A885FCC2C5C1EBE00E618AE /* tic-tac-toe.entitlements */ = {isa = PBXFileReference; lastKnownFileType = text.plist.entitlements; path = "tic-tac-toe.entitlements"; sourceTree = "<group>"; };
		5ABE23142C5DDBC8007FE3B6 /* scoreboardTests.swift */ = {isa = PBXFileReference; lastKnownFileType = sourcecode.swift; path = scoreboardTests.swift; sourceTree = "<group>"; };
		5ABE23162C5DDBEB007FE3B6 /* Scoreboard.swift */ = {isa = PBXFileReference; lastKnownFileType = sourcecode.swift; path = Scoreboard.swift; sourceTree = "<group>"; };
		5ABE23192C5E88D9007FE3B6 /* ScoreboardView.swift */ = {isa = PBXFileReference; lastKnownFileType = sourcecode.swift; path = ScoreboardView.swift; sourceTree = "<group>"; };
		5ABE231B2C5E8DE2007FE3B6 /* BoardView.swift */ = {isa = PBXFileReference; lastKnownFileType = sourcecode.swift; path = BoardView.swift; sourceTree = "<group>"; };
		5ABE231D2C5FF4D8007FE3B6 /* TurnView.swift */ = {isa = PBXFileReference; lastKnownFileType = sourcecode.swift; path = TurnView.swift; sourceTree = "<group>"; };
/* End PBXFileReference section */

/* Begin PBXFrameworksBuildPhase section */
		5A885F9C2C5C1AD500E618AE /* Frameworks */ = {
			isa = PBXFrameworksBuildPhase;
			buildActionMask = 2147483647;
			files = (
			);
			runOnlyForDeploymentPostprocessing = 0;
		};
		5A885FAC2C5C1AD600E618AE /* Frameworks */ = {
			isa = PBXFrameworksBuildPhase;
			buildActionMask = 2147483647;
			files = (
			);
			runOnlyForDeploymentPostprocessing = 0;
		};
		5A885FB62C5C1AD600E618AE /* Frameworks */ = {
			isa = PBXFrameworksBuildPhase;
			buildActionMask = 2147483647;
			files = (
			);
			runOnlyForDeploymentPostprocessing = 0;
		};
/* End PBXFrameworksBuildPhase section */

/* Begin PBXGroup section */
		5A885F962C5C1AD500E618AE = {
			isa = PBXGroup;
			children = (
				5A885FA12C5C1AD500E618AE /* tic-tac-toe */,
				5A885FB22C5C1AD600E618AE /* tic-tac-toeTests */,
				5A885FBC2C5C1AD600E618AE /* tic-tac-toeUITests */,
				5A885FA02C5C1AD500E618AE /* Products */,
			);
			sourceTree = "<group>";
		};
		5A885FA02C5C1AD500E618AE /* Products */ = {
			isa = PBXGroup;
			children = (
				5A885F9F2C5C1AD500E618AE /* tic-tac-toe.app */,
				5A885FAF2C5C1AD600E618AE /* tic-tac-toeTests.xctest */,
				5A885FB92C5C1AD600E618AE /* tic-tac-toeUITests.xctest */,
			);
			name = Products;
			sourceTree = "<group>";
		};
		5A885FA12C5C1AD500E618AE /* tic-tac-toe */ = {
			isa = PBXGroup;
			children = (
				5ABE23182C5E88BD007FE3B6 /* UI */,
				5A885FCC2C5C1EBE00E618AE /* tic-tac-toe.entitlements */,
				5A885FA22C5C1AD500E618AE /* tic_tac_toeApp.swift */,
				5A885FA62C5C1AD600E618AE /* Assets.xcassets */,
				5A885FA82C5C1AD600E618AE /* Preview Content */,
				5A4DCF0D2C5C268F0023F4A4 /* TicTacToe.swift */,
				5ABE23162C5DDBEB007FE3B6 /* Scoreboard.swift */,
			);
			path = "tic-tac-toe";
			sourceTree = "<group>";
		};
		5A885FA82C5C1AD600E618AE /* Preview Content */ = {
			isa = PBXGroup;
			children = (
				5A885FA92C5C1AD600E618AE /* Preview Assets.xcassets */,
			);
			path = "Preview Content";
			sourceTree = "<group>";
		};
		5A885FB22C5C1AD600E618AE /* tic-tac-toeTests */ = {
			isa = PBXGroup;
			children = (
				5ABE23142C5DDBC8007FE3B6 /* scoreboardTests.swift */,
				5A885FB32C5C1AD600E618AE /* tic_tac_toeTests.swift */,
			);
			path = "tic-tac-toeTests";
			sourceTree = "<group>";
		};
		5A885FBC2C5C1AD600E618AE /* tic-tac-toeUITests */ = {
			isa = PBXGroup;
			children = (
				5A885FBD2C5C1AD600E618AE /* tic_tac_toeUITests.swift */,
				5A885FBF2C5C1AD600E618AE /* tic_tac_toeUITestsLaunchTests.swift */,
			);
			path = "tic-tac-toeUITests";
			sourceTree = "<group>";
		};
		5ABE23182C5E88BD007FE3B6 /* UI */ = {
			isa = PBXGroup;
			children = (
				5A885FA42C5C1AD500E618AE /* ContentView.swift */,
				5ABE231B2C5E8DE2007FE3B6 /* BoardView.swift */,
				5ABE23192C5E88D9007FE3B6 /* ScoreboardView.swift */,
				5ABE231D2C5FF4D8007FE3B6 /* TurnView.swift */,
			);
			path = UI;
			sourceTree = "<group>";
		};
/* End PBXGroup section */

/* Begin PBXNativeTarget section */
		5A885F9E2C5C1AD500E618AE /* tic-tac-toe */ = {
			isa = PBXNativeTarget;
			buildConfigurationList = 5A885FC32C5C1AD600E618AE /* Build configuration list for PBXNativeTarget "tic-tac-toe" */;
			buildPhases = (
				5A885F9B2C5C1AD500E618AE /* Sources */,
				5A885F9C2C5C1AD500E618AE /* Frameworks */,
				5A885F9D2C5C1AD500E618AE /* Resources */,
			);
			buildRules = (
			);
			dependencies = (
			);
			name = "tic-tac-toe";
			productName = "tic-tac-toe";
			productReference = 5A885F9F2C5C1AD500E618AE /* tic-tac-toe.app */;
			productType = "com.apple.product-type.application";
		};
		5A885FAE2C5C1AD600E618AE /* tic-tac-toeTests */ = {
			isa = PBXNativeTarget;
			buildConfigurationList = 5A885FC62C5C1AD600E618AE /* Build configuration list for PBXNativeTarget "tic-tac-toeTests" */;
			buildPhases = (
				5A885FAB2C5C1AD600E618AE /* Sources */,
				5A885FAC2C5C1AD600E618AE /* Frameworks */,
				5A885FAD2C5C1AD600E618AE /* Resources */,
			);
			buildRules = (
			);
			dependencies = (
				5A885FB12C5C1AD600E618AE /* PBXTargetDependency */,
			);
			name = "tic-tac-toeTests";
			productName = "tic-tac-toeTests";
			productReference = 5A885FAF2C5C1AD600E618AE /* tic-tac-toeTests.xctest */;
			productType = "com.apple.product-type.bundle.unit-test";
		};
		5A885FB82C5C1AD600E618AE /* tic-tac-toeUITests */ = {
			isa = PBXNativeTarget;
			buildConfigurationList = 5A885FC92C5C1AD600E618AE /* Build configuration list for PBXNativeTarget "tic-tac-toeUITests" */;
			buildPhases = (
				5A885FB52C5C1AD600E618AE /* Sources */,
				5A885FB62C5C1AD600E618AE /* Frameworks */,
				5A885FB72C5C1AD600E618AE /* Resources */,
			);
			buildRules = (
			);
			dependencies = (
				5A885FBB2C5C1AD600E618AE /* PBXTargetDependency */,
			);
			name = "tic-tac-toeUITests";
			productName = "tic-tac-toeUITests";
			productReference = 5A885FB92C5C1AD600E618AE /* tic-tac-toeUITests.xctest */;
			productType = "com.apple.product-type.bundle.ui-testing";
		};
/* End PBXNativeTarget section */

/* Begin PBXProject section */
		5A885F972C5C1AD500E618AE /* Project object */ = {
			isa = PBXProject;
			attributes = {
				BuildIndependentTargetsInParallel = 1;
				LastSwiftUpdateCheck = 1540;
				LastUpgradeCheck = 1600;
				TargetAttributes = {
					5A885F9E2C5C1AD500E618AE = {
						CreatedOnToolsVersion = 15.4;
					};
					5A885FAE2C5C1AD600E618AE = {
						CreatedOnToolsVersion = 15.4;
						TestTargetID = 5A885F9E2C5C1AD500E618AE;
					};
					5A885FB82C5C1AD600E618AE = {
						CreatedOnToolsVersion = 15.4;
						TestTargetID = 5A885F9E2C5C1AD500E618AE;
					};
				};
			};
			buildConfigurationList = 5A885F9A2C5C1AD500E618AE /* Build configuration list for PBXProject "tic-tac-toe" */;
			compatibilityVersion = "Xcode 14.0";
			developmentRegion = en;
			hasScannedForEncodings = 0;
			knownRegions = (
				en,
				Base,
			);
			mainGroup = 5A885F962C5C1AD500E618AE;
			productRefGroup = 5A885FA02C5C1AD500E618AE /* Products */;
			projectDirPath = "";
			projectRoot = "";
			targets = (
				5A885F9E2C5C1AD500E618AE /* tic-tac-toe */,
				5A885FAE2C5C1AD600E618AE /* tic-tac-toeTests */,
				5A885FB82C5C1AD600E618AE /* tic-tac-toeUITests */,
			);
		};
/* End PBXProject section */

/* Begin PBXResourcesBuildPhase section */
		5A885F9D2C5C1AD500E618AE /* Resources */ = {
			isa = PBXResourcesBuildPhase;
			buildActionMask = 2147483647;
			files = (
				5A885FAA2C5C1AD600E618AE /* Preview Assets.xcassets in Resources */,
				5A885FA72C5C1AD600E618AE /* Assets.xcassets in Resources */,
			);
			runOnlyForDeploymentPostprocessing = 0;
		};
		5A885FAD2C5C1AD600E618AE /* Resources */ = {
			isa = PBXResourcesBuildPhase;
			buildActionMask = 2147483647;
			files = (
			);
			runOnlyForDeploymentPostprocessing = 0;
		};
		5A885FB72C5C1AD600E618AE /* Resources */ = {
			isa = PBXResourcesBuildPhase;
			buildActionMask = 2147483647;
			files = (
			);
			runOnlyForDeploymentPostprocessing = 0;
		};
/* End PBXResourcesBuildPhase section */

/* Begin PBXSourcesBuildPhase section */
		5A885F9B2C5C1AD500E618AE /* Sources */ = {
			isa = PBXSourcesBuildPhase;
			buildActionMask = 2147483647;
			files = (
				5A885FA52C5C1AD500E618AE /* ContentView.swift in Sources */,
				5A4DCF0E2C5C268F0023F4A4 /* TicTacToe.swift in Sources */,
				5ABE23172C5DDBF6007FE3B6 /* Scoreboard.swift in Sources */,
				5ABE231C2C5E8DE2007FE3B6 /* BoardView.swift in Sources */,
				5ABE231E2C5FF4D8007FE3B6 /* TurnView.swift in Sources */,
				5ABE231A2C5E88D9007FE3B6 /* ScoreboardView.swift in Sources */,
				5A885FA32C5C1AD500E618AE /* tic_tac_toeApp.swift in Sources */,
			);
			runOnlyForDeploymentPostprocessing = 0;
		};
		5A885FAB2C5C1AD600E618AE /* Sources */ = {
			isa = PBXSourcesBuildPhase;
			buildActionMask = 2147483647;
			files = (
				5A885FB42C5C1AD600E618AE /* tic_tac_toeTests.swift in Sources */,
				5ABE23152C5DDBD3007FE3B6 /* scoreboardTests.swift in Sources */,
			);
			runOnlyForDeploymentPostprocessing = 0;
		};
		5A885FB52C5C1AD600E618AE /* Sources */ = {
			isa = PBXSourcesBuildPhase;
			buildActionMask = 2147483647;
			files = (
				5A885FBE2C5C1AD600E618AE /* tic_tac_toeUITests.swift in Sources */,
				5A885FC02C5C1AD600E618AE /* tic_tac_toeUITestsLaunchTests.swift in Sources */,
			);
			runOnlyForDeploymentPostprocessing = 0;
		};
/* End PBXSourcesBuildPhase section */

/* Begin PBXTargetDependency section */
		5A885FB12C5C1AD600E618AE /* PBXTargetDependency */ = {
			isa = PBXTargetDependency;
			target = 5A885F9E2C5C1AD500E618AE /* tic-tac-toe */;
			targetProxy = 5A885FB02C5C1AD600E618AE /* PBXContainerItemProxy */;
		};
		5A885FBB2C5C1AD600E618AE /* PBXTargetDependency */ = {
			isa = PBXTargetDependency;
			target = 5A885F9E2C5C1AD500E618AE /* tic-tac-toe */;
			targetProxy = 5A885FBA2C5C1AD600E618AE /* PBXContainerItemProxy */;
		};
/* End PBXTargetDependency section */

/* Begin XCBuildConfiguration section */
		5A885FC12C5C1AD600E618AE /* Debug */ = {
			isa = XCBuildConfiguration;
			buildSettings = {
				ALWAYS_SEARCH_USER_PATHS = NO;
				ASSETCATALOG_COMPILER_GENERATE_SWIFT_ASSET_SYMBOL_EXTENSIONS = YES;
				CLANG_ANALYZER_NONNULL = YES;
				CLANG_ANALYZER_NUMBER_OBJECT_CONVERSION = YES_AGGRESSIVE;
				CLANG_CXX_LANGUAGE_STANDARD = "gnu++20";
				CLANG_ENABLE_MODULES = YES;
				CLANG_ENABLE_OBJC_ARC = YES;
				CLANG_ENABLE_OBJC_WEAK = YES;
				CLANG_WARN_BLOCK_CAPTURE_AUTORELEASING = YES;
				CLANG_WARN_BOOL_CONVERSION = YES;
				CLANG_WARN_COMMA = YES;
				CLANG_WARN_CONSTANT_CONVERSION = YES;
				CLANG_WARN_DEPRECATED_OBJC_IMPLEMENTATIONS = YES;
				CLANG_WARN_DIRECT_OBJC_ISA_USAGE = YES_ERROR;
				CLANG_WARN_DOCUMENTATION_COMMENTS = YES;
				CLANG_WARN_EMPTY_BODY = YES;
				CLANG_WARN_ENUM_CONVERSION = YES;
				CLANG_WARN_INFINITE_RECURSION = YES;
				CLANG_WARN_INT_CONVERSION = YES;
				CLANG_WARN_NON_LITERAL_NULL_CONVERSION = YES;
				CLANG_WARN_OBJC_IMPLICIT_RETAIN_SELF = YES;
				CLANG_WARN_OBJC_LITERAL_CONVERSION = YES;
				CLANG_WARN_OBJC_ROOT_CLASS = YES_ERROR;
				CLANG_WARN_QUOTED_INCLUDE_IN_FRAMEWORK_HEADER = YES;
				CLANG_WARN_RANGE_LOOP_ANALYSIS = YES;
				CLANG_WARN_STRICT_PROTOTYPES = YES;
				CLANG_WARN_SUSPICIOUS_MOVE = YES;
				CLANG_WARN_UNGUARDED_AVAILABILITY = YES_AGGRESSIVE;
				CLANG_WARN_UNREACHABLE_CODE = YES;
				CLANG_WARN__DUPLICATE_METHOD_MATCH = YES;
				COPY_PHASE_STRIP = NO;
				DEBUG_INFORMATION_FORMAT = dwarf;
				ENABLE_STRICT_OBJC_MSGSEND = YES;
				ENABLE_TESTABILITY = YES;
				ENABLE_USER_SCRIPT_SANDBOXING = YES;
				GCC_C_LANGUAGE_STANDARD = gnu17;
				GCC_DYNAMIC_NO_PIC = NO;
				GCC_NO_COMMON_BLOCKS = YES;
				GCC_OPTIMIZATION_LEVEL = 0;
				GCC_PREPROCESSOR_DEFINITIONS = (
					"DEBUG=1",
					"$(inherited)",
				);
				GCC_WARN_64_TO_32_BIT_CONVERSION = YES;
				GCC_WARN_ABOUT_RETURN_TYPE = YES_ERROR;
				GCC_WARN_UNDECLARED_SELECTOR = YES;
				GCC_WARN_UNINITIALIZED_AUTOS = YES_AGGRESSIVE;
				GCC_WARN_UNUSED_FUNCTION = YES;
				GCC_WARN_UNUSED_VARIABLE = YES;
				IPHONEOS_DEPLOYMENT_TARGET = 17.4;
				LOCALIZATION_PREFERS_STRING_CATALOGS = YES;
				MTL_ENABLE_DEBUG_INFO = INCLUDE_SOURCE;
				MTL_FAST_MATH = YES;
				ONLY_ACTIVE_ARCH = YES;
				SDKROOT = iphoneos;
				SWIFT_ACTIVE_COMPILATION_CONDITIONS = "DEBUG $(inherited)";
				SWIFT_OPTIMIZATION_LEVEL = "-Onone";
			};
			name = Debug;
		};
		5A885FC22C5C1AD600E618AE /* Release */ = {
			isa = XCBuildConfiguration;
			buildSettings = {
				ALWAYS_SEARCH_USER_PATHS = NO;
				ASSETCATALOG_COMPILER_GENERATE_SWIFT_ASSET_SYMBOL_EXTENSIONS = YES;
				CLANG_ANALYZER_NONNULL = YES;
				CLANG_ANALYZER_NUMBER_OBJECT_CONVERSION = YES_AGGRESSIVE;
				CLANG_CXX_LANGUAGE_STANDARD = "gnu++20";
				CLANG_ENABLE_MODULES = YES;
				CLANG_ENABLE_OBJC_ARC = YES;
				CLANG_ENABLE_OBJC_WEAK = YES;
				CLANG_WARN_BLOCK_CAPTURE_AUTORELEASING = YES;
				CLANG_WARN_BOOL_CONVERSION = YES;
				CLANG_WARN_COMMA = YES;
				CLANG_WARN_CONSTANT_CONVERSION = YES;
				CLANG_WARN_DEPRECATED_OBJC_IMPLEMENTATIONS = YES;
				CLANG_WARN_DIRECT_OBJC_ISA_USAGE = YES_ERROR;
				CLANG_WARN_DOCUMENTATION_COMMENTS = YES;
				CLANG_WARN_EMPTY_BODY = YES;
				CLANG_WARN_ENUM_CONVERSION = YES;
				CLANG_WARN_INFINITE_RECURSION = YES;
				CLANG_WARN_INT_CONVERSION = YES;
				CLANG_WARN_NON_LITERAL_NULL_CONVERSION = YES;
				CLANG_WARN_OBJC_IMPLICIT_RETAIN_SELF = YES;
				CLANG_WARN_OBJC_LITERAL_CONVERSION = YES;
				CLANG_WARN_OBJC_ROOT_CLASS = YES_ERROR;
				CLANG_WARN_QUOTED_INCLUDE_IN_FRAMEWORK_HEADER = YES;
				CLANG_WARN_RANGE_LOOP_ANALYSIS = YES;
				CLANG_WARN_STRICT_PROTOTYPES = YES;
				CLANG_WARN_SUSPICIOUS_MOVE = YES;
				CLANG_WARN_UNGUARDED_AVAILABILITY = YES_AGGRESSIVE;
				CLANG_WARN_UNREACHABLE_CODE = YES;
				CLANG_WARN__DUPLICATE_METHOD_MATCH = YES;
				COPY_PHASE_STRIP = NO;
				DEBUG_INFORMATION_FORMAT = "dwarf-with-dsym";
				ENABLE_NS_ASSERTIONS = NO;
				ENABLE_STRICT_OBJC_MSGSEND = YES;
				ENABLE_USER_SCRIPT_SANDBOXING = YES;
				GCC_C_LANGUAGE_STANDARD = gnu17;
				GCC_NO_COMMON_BLOCKS = YES;
				GCC_WARN_64_TO_32_BIT_CONVERSION = YES;
				GCC_WARN_ABOUT_RETURN_TYPE = YES_ERROR;
				GCC_WARN_UNDECLARED_SELECTOR = YES;
				GCC_WARN_UNINITIALIZED_AUTOS = YES_AGGRESSIVE;
				GCC_WARN_UNUSED_FUNCTION = YES;
				GCC_WARN_UNUSED_VARIABLE = YES;
				IPHONEOS_DEPLOYMENT_TARGET = 17.4;
				LOCALIZATION_PREFERS_STRING_CATALOGS = YES;
				MTL_ENABLE_DEBUG_INFO = NO;
				MTL_FAST_MATH = YES;
				SDKROOT = iphoneos;
				SWIFT_COMPILATION_MODE = wholemodule;
				VALIDATE_PRODUCT = YES;
			};
			name = Release;
		};
		5A885FC42C5C1AD600E618AE /* Debug */ = {
			isa = XCBuildConfiguration;
			buildSettings = {
				ASSETCATALOG_COMPILER_APPICON_NAME = AppIcon;
				ASSETCATALOG_COMPILER_GLOBAL_ACCENT_COLOR_NAME = AccentColor;
				CODE_SIGN_ENTITLEMENTS = "tic-tac-toe/tic-tac-toe.entitlements";
				CODE_SIGN_STYLE = Automatic;
				CURRENT_PROJECT_VERSION = 1;
				DEVELOPMENT_ASSET_PATHS = "\"tic-tac-toe/Preview Content\"";
				DEVELOPMENT_TEAM = 35XWJ6BAZW;
				ENABLE_PREVIEWS = YES;
				GENERATE_INFOPLIST_FILE = YES;
				INFOPLIST_KEY_UIApplicationSceneManifest_Generation = YES;
				INFOPLIST_KEY_UIApplicationSupportsIndirectInputEvents = YES;
				INFOPLIST_KEY_UILaunchScreen_Generation = YES;
				INFOPLIST_KEY_UISupportedInterfaceOrientations_iPad = "UIInterfaceOrientationPortrait UIInterfaceOrientationPortraitUpsideDown UIInterfaceOrientationLandscapeLeft UIInterfaceOrientationLandscapeRight";
				INFOPLIST_KEY_UISupportedInterfaceOrientations_iPhone = "UIInterfaceOrientationPortrait UIInterfaceOrientationLandscapeLeft UIInterfaceOrientationLandscapeRight";
				IPHONEOS_DEPLOYMENT_TARGET = 17.4;
				LD_RUNPATH_SEARCH_PATHS = (
					"$(inherited)",
					"@executable_path/Frameworks",
				);
				MARKETING_VERSION = 1.0;
				PRODUCT_BUNDLE_IDENTIFIER = "com.rockarts.tic-tac-toe-game";
				PRODUCT_NAME = "$(TARGET_NAME)";
				SWIFT_EMIT_LOC_STRINGS = YES;
				SWIFT_VERSION = 5.0;
				TARGETED_DEVICE_FAMILY = "1,2";
				TVOS_DEPLOYMENT_TARGET = 17.4;
			};
			name = Debug;
		};
		5A885FC52C5C1AD600E618AE /* Release */ = {
			isa = XCBuildConfiguration;
			buildSettings = {
				ASSETCATALOG_COMPILER_APPICON_NAME = AppIcon;
				ASSETCATALOG_COMPILER_GLOBAL_ACCENT_COLOR_NAME = AccentColor;
				CODE_SIGN_ENTITLEMENTS = "tic-tac-toe/tic-tac-toe.entitlements";
				CODE_SIGN_STYLE = Automatic;
				CURRENT_PROJECT_VERSION = 1;
				DEVELOPMENT_ASSET_PATHS = "\"tic-tac-toe/Preview Content\"";
				DEVELOPMENT_TEAM = 35XWJ6BAZW;
				ENABLE_PREVIEWS = YES;
				GENERATE_INFOPLIST_FILE = YES;
				INFOPLIST_KEY_UIApplicationSceneManifest_Generation = YES;
				INFOPLIST_KEY_UIApplicationSupportsIndirectInputEvents = YES;
				INFOPLIST_KEY_UILaunchScreen_Generation = YES;
				INFOPLIST_KEY_UISupportedInterfaceOrientations_iPad = "UIInterfaceOrientationPortrait UIInterfaceOrientationPortraitUpsideDown UIInterfaceOrientationLandscapeLeft UIInterfaceOrientationLandscapeRight";
				INFOPLIST_KEY_UISupportedInterfaceOrientations_iPhone = "UIInterfaceOrientationPortrait UIInterfaceOrientationLandscapeLeft UIInterfaceOrientationLandscapeRight";
				IPHONEOS_DEPLOYMENT_TARGET = 17.4;
				LD_RUNPATH_SEARCH_PATHS = (
					"$(inherited)",
					"@executable_path/Frameworks",
				);
				MARKETING_VERSION = 1.0;
				PRODUCT_BUNDLE_IDENTIFIER = "com.rockarts.tic-tac-toe-game";
				PRODUCT_NAME = "$(TARGET_NAME)";
				SWIFT_EMIT_LOC_STRINGS = YES;
				SWIFT_VERSION = 5.0;
				TARGETED_DEVICE_FAMILY = "1,2";
				TVOS_DEPLOYMENT_TARGET = 17.4;
			};
			name = Release;
		};
		5A885FC72C5C1AD600E618AE /* Debug */ = {
			isa = XCBuildConfiguration;
			buildSettings = {
				BUNDLE_LOADER = "$(TEST_HOST)";
				CODE_SIGN_STYLE = Automatic;
				CURRENT_PROJECT_VERSION = 1;
				DEVELOPMENT_TEAM = G63J7HW34Q;
				GENERATE_INFOPLIST_FILE = YES;
				IPHONEOS_DEPLOYMENT_TARGET = 17.4;
				MARKETING_VERSION = 1.0;
				PRODUCT_BUNDLE_IDENTIFIER = "com.rockarts.tic-tac-toeTests";
				PRODUCT_NAME = "$(TARGET_NAME)";
				SWIFT_EMIT_LOC_STRINGS = NO;
				SWIFT_VERSION = 5.0;
				TARGETED_DEVICE_FAMILY = "1,2";
				TEST_HOST = "$(BUILT_PRODUCTS_DIR)/tic-tac-toe.app/$(BUNDLE_EXECUTABLE_FOLDER_PATH)/tic-tac-toe";
				TVOS_DEPLOYMENT_TARGET = 17.4;
			};
			name = Debug;
		};
		5A885FC82C5C1AD600E618AE /* Release */ = {
			isa = XCBuildConfiguration;
			buildSettings = {
				BUNDLE_LOADER = "$(TEST_HOST)";
				CODE_SIGN_STYLE = Automatic;
				CURRENT_PROJECT_VERSION = 1;
				DEVELOPMENT_TEAM = G63J7HW34Q;
				GENERATE_INFOPLIST_FILE = YES;
				IPHONEOS_DEPLOYMENT_TARGET = 17.4;
				MARKETING_VERSION = 1.0;
				PRODUCT_BUNDLE_IDENTIFIER = "com.rockarts.tic-tac-toeTests";
				PRODUCT_NAME = "$(TARGET_NAME)";
				SWIFT_EMIT_LOC_STRINGS = NO;
				SWIFT_VERSION = 5.0;
				TARGETED_DEVICE_FAMILY = "1,2";
				TEST_HOST = "$(BUILT_PRODUCTS_DIR)/tic-tac-toe.app/$(BUNDLE_EXECUTABLE_FOLDER_PATH)/tic-tac-toe";
				TVOS_DEPLOYMENT_TARGET = 17.4;
			};
			name = Release;
		};
		5A885FCA2C5C1AD600E618AE /* Debug */ = {
			isa = XCBuildConfiguration;
			buildSettings = {
				CODE_SIGN_STYLE = Automatic;
				CURRENT_PROJECT_VERSION = 1;
				DEVELOPMENT_TEAM = G63J7HW34Q;
				GENERATE_INFOPLIST_FILE = YES;
				IPHONEOS_DEPLOYMENT_TARGET = 17.4;
				MARKETING_VERSION = 1.0;
				PRODUCT_BUNDLE_IDENTIFIER = "com.rockarts.tic-tac-toeUITests";
				PRODUCT_NAME = "$(TARGET_NAME)";
				SWIFT_EMIT_LOC_STRINGS = NO;
				SWIFT_VERSION = 5.0;
				TARGETED_DEVICE_FAMILY = "1,2";
				TEST_TARGET_NAME = "tic-tac-toe";
				TVOS_DEPLOYMENT_TARGET = 17.4;
			};
			name = Debug;
		};
		5A885FCB2C5C1AD600E618AE /* Release */ = {
			isa = XCBuildConfiguration;
			buildSettings = {
				CODE_SIGN_STYLE = Automatic;
				CURRENT_PROJECT_VERSION = 1;
				DEVELOPMENT_TEAM = G63J7HW34Q;
				GENERATE_INFOPLIST_FILE = YES;
				IPHONEOS_DEPLOYMENT_TARGET = 17.4;
				MARKETING_VERSION = 1.0;
				PRODUCT_BUNDLE_IDENTIFIER = "com.rockarts.tic-tac-toeUITests";
				PRODUCT_NAME = "$(TARGET_NAME)";
				SWIFT_EMIT_LOC_STRINGS = NO;
				SWIFT_VERSION = 5.0;
				TARGETED_DEVICE_FAMILY = "1,2";
				TEST_TARGET_NAME = "tic-tac-toe";
				TVOS_DEPLOYMENT_TARGET = 17.4;
			};
			name = Release;
		};
/* End XCBuildConfiguration section */

/* Begin XCConfigurationList section */
		5A885F9A2C5C1AD500E618AE /* Build configuration list for PBXProject "tic-tac-toe" */ = {
			isa = XCConfigurationList;
			buildConfigurations = (
				5A885FC12C5C1AD600E618AE /* Debug */,
				5A885FC22C5C1AD600E618AE /* Release */,
			);
			defaultConfigurationIsVisible = 0;
			defaultConfigurationName = Release;
		};
		5A885FC32C5C1AD600E618AE /* Build configuration list for PBXNativeTarget "tic-tac-toe" */ = {
			isa = XCConfigurationList;
			buildConfigurations = (
				5A885FC42C5C1AD600E618AE /* Debug */,
				5A885FC52C5C1AD600E618AE /* Release */,
			);
			defaultConfigurationIsVisible = 0;
			defaultConfigurationName = Release;
		};
		5A885FC62C5C1AD600E618AE /* Build configuration list for PBXNativeTarget "tic-tac-toeTests" */ = {
			isa = XCConfigurationList;
			buildConfigurations = (
				5A885FC72C5C1AD600E618AE /* Debug */,
				5A885FC82C5C1AD600E618AE /* Release */,
			);
			defaultConfigurationIsVisible = 0;
			defaultConfigurationName = Release;
		};
		5A885FC92C5C1AD600E618AE /* Build configuration list for PBXNativeTarget "tic-tac-toeUITests" */ = {
			isa = XCConfigurationList;
			buildConfigurations = (
				5A885FCA2C5C1AD600E618AE /* Debug */,
				5A885FCB2C5C1AD600E618AE /* Release */,
			);
			defaultConfigurationIsVisible = 0;
			defaultConfigurationName = Release;
		};
/* End XCConfigurationList section */
	};
	rootObject = 5A885F972C5C1AD500E618AE /* Project object */;
}
